
Microsoft Visual Studio Solution File, Format Version 12.00
# Visual Studio Version 17
VisualStudioVersion = 17.2.32526.322
MinimumVisualStudioVersion = 10.0.40219.1
Project("{9A19103F-16F7-4668-BE54-9A1E7A4F7556}") = "RadarGame", "RadarGame\RadarGame.csproj", "{04170AA1-7098-4C51-9354-C3080A5DC1FC}"
EndProject
Project("{9A19103F-16F7-4668-BE54-9A1E7A4F7556}") = "Engine", "Engine\Engine.csproj", "{CF91AD22-B0DF-4258-8E8F-E84EA65E77B9}"
EndProject
Global
	GlobalSection(SolutionConfigurationPlatforms) = preSolution
		Debug|Any CPU = Debug|Any CPU
		Release|Any CPU = Release|Any CPU
	EndGlobalSection
	GlobalSection(ProjectConfigurationPlatforms) = postSolution
		{04170AA1-7098-4C51-9354-C3080A5DC1FC}.Debug|Any CPU.ActiveCfg = Debug|Any CPU
		{04170AA1-7098-4C51-9354-C3080A5DC1FC}.Debug|Any CPU.Build.0 = Debug|Any CPU
		{04170AA1-7098-4C51-9354-C3080A5DC1FC}.Release|Any CPU.ActiveCfg = Release|Any CPU
		{04170AA1-7098-4C51-9354-C3080A5DC1FC}.Release|Any CPU.Build.0 = Release|Any CPU
		{CF91AD22-B0DF-4258-8E8F-E84EA65E77B9}.Debug|Any CPU.ActiveCfg = Debug|Any CPU
		{CF91AD22-B0DF-4258-8E8F-E84EA65E77B9}.Debug|Any CPU.Build.0 = Debug|Any CPU
		{CF91AD22-B0DF-4258-8E8F-E84EA65E77B9}.Release|Any CPU.ActiveCfg = Release|Any CPU
		{CF91AD22-B0DF-4258-8E8F-E84EA65E77B9}.Release|Any CPU.Build.0 = Release|Any CPU
	EndGlobalSection
	GlobalSection(SolutionProperties) = preSolution
		HideSolutionNode = FALSE
	EndGlobalSection
	GlobalSection(ExtensibilityGlobals) = postSolution
		SolutionGuid = {339C277A-6FFA-4ACA-8A1B-CB47C1F5EE34}
	EndGlobalSection
EndGlobal
